
Microsoft Visual Studio Solution File, Format Version 12.00
# Visual Studio Version 18
VisualStudioVersion = 18.4.11620.152
MinimumVisualStudioVersion = 10.0.40219.1
Project("{FAE04EC0-301F-11D3-BF4B-00C04F79EFBC}") = "Accord.Controls.Audio", "Accord.Controls.Audio\Accord.Controls.Audio.csproj", "{E0B826AC-2A51-41EC-9F09-561CA14A82BB}"
EndProject
Project("{FAE04EC0-301F-11D3-BF4B-00C04F79EFBC}") = "Accord.Audio", "Accord.Audio\Accord.Audio.csproj", "{E7B65F08-82F1-438F-847A-2AAC2BEC9AC0}"
EndProject
Project("{FAE04EC0-301F-11D3-BF4B-00C04F79EFBC}") = "Accord.Audition", "Accord.Audition\Accord.Audition.csproj", "{CDBEFB1A-10BC-49EC-9833-D2CF6D4F6131}"
EndProject
Project("{FAE04EC0-301F-11D3-BF4B-00C04F79EFBC}") = "Accord.Math", "Accord.Math\Accord.Math.csproj", "{F718E9A8-DB62-4785-8C49-4333A60D256A}"
EndProject
Project("{FAE04EC0-301F-11D3-BF4B-00C04F79EFBC}") = "Accord.Statistics", "Accord.Statistics\Accord.Statistics.csproj", "{FD8101DD-C95D-42D6-AD44-AE01C25F2811}"
EndProject
Project("{FAE04EC0-301F-11D3-BF4B-00C04F79EFBC}") = "Accord.Neuro", "Accord.Neuro\Accord.Neuro.csproj", "{179F3045-8757-4F4B-9508-F48327BA11E3}"
EndProject
Project("{FAE04EC0-301F-11D3-BF4B-00C04F79EFBC}") = "Accord.Imaging", "Accord.Imaging\Accord.Imaging.csproj", "{4959A83D-F78F-439E-80A5-41583ECEAAC6}"
EndProject
Project("{FAE04EC0-301F-11D3-BF4B-00C04F79EFBC}") = "Accord.MachineLearning", "Accord.MachineLearning\Accord.MachineLearning.csproj", "{7AB4BBCC-6222-423D-9FF9-BA9CB7C09199}"
EndProject
Project("{FAE04EC0-301F-11D3-BF4B-00C04F79EFBC}") = "Accord.Controls.Imaging", "Accord.Controls.Imaging\Accord.Controls.Imaging.csproj", "{E1089999-EAED-4E55-AC47-B6A196DF84FC}"
EndProject
Project("{FAE04EC0-301F-11D3-BF4B-00C04F79EFBC}") = "Accord.Vision", "Accord.Vision\Accord.Vision.csproj", "{C70A159D-74A4-405F-9A7F-C17ACF451CCA}"
EndProject
Project("{FAE04EC0-301F-11D3-BF4B-00C04F79EFBC}") = "Accord.Core", "Accord.Core\Accord.Core.csproj", "{A177A90C-8207-466A-AF70-F2B8452A42AC}"
EndProject
Project("{FAE04EC0-301F-11D3-BF4B-00C04F79EFBC}") = "Accord.Controls.Vision", "Accord.Controls.Vision\Accord.Controls.Vision.csproj", "{6158E759-FE2B-4308-BA29-11C9E4A07812}"
EndProject
Project("{FAE04EC0-301F-11D3-BF4B-00C04F79EFBC}") = "Accord.IO", "Accord.IO\Accord.IO.csproj", "{63184EBD-6B28-4066-AAEE-5B99431E31F4}"
EndProject
Project("{FAE04EC0-301F-11D3-BF4B-00C04F79EFBC}") = "Accord.Audio.DirectSound", "Accord.Audio.DirectSound\Accord.Audio.DirectSound.csproj", "{456DB2E8-745A-4F87-A2BD-C43CF8677770}"
EndProject
Project("{FAE04EC0-301F-11D3-BF4B-00C04F79EFBC}") = "Accord.Fuzzy", "Accord.Fuzzy\Accord.Fuzzy.csproj", "{B631038F-E12C-4D0D-8B25-FF7F62FE62D1}"
EndProject
Project("{FAE04EC0-301F-11D3-BF4B-00C04F79EFBC}") = "Accord.Genetic", "Accord.Genetic\Accord.Genetic.csproj", "{2EFAA327-1789-4438-B9F5-E83ACAE12DB2}"
EndProject
Project("{FAE04EC0-301F-11D3-BF4B-00C04F79EFBC}") = "Accord.Video.DirectShow", "Accord.Video.DirectShow\Accord.Video.DirectShow.csproj", "{26CD2CE7-FF63-4669-83B0-7D9C8F3408EE}"
EndProject
Project("{FAE04EC0-301F-11D3-BF4B-00C04F79EFBC}") = "Accord.Video", "Accord.Video\Accord.Video.csproj", "{809725DC-6502-4732-A51C-DEB7FEA12975}"
EndProject
Project("{FAE04EC0-301F-11D3-BF4B-00C04F79EFBC}") = "Accord.Video.Kinect", "Accord.Video.Kinect\Accord.Video.Kinect.csproj", "{9DA8E727-4038-4E6B-90BD-853730FDFA49}"
EndProject
Project("{FAE04EC0-301F-11D3-BF4B-00C04F79EFBC}") = "Accord.Video.VFW", "Accord.Video.VFW\Accord.Video.VFW.csproj", "{22E852C0-17FF-4106-9DF6-41EABB8C0613}"
EndProject
Project("{FAE04EC0-301F-11D3-BF4B-00C04F79EFBC}") = "Accord.Video.Ximea", "Accord.Video.Ximea\Accord.Video.Ximea.csproj", "{AEDD6CFB-747B-4077-9288-9CD2A86090F1}"
EndProject
Project("{FAE04EC0-301F-11D3-BF4B-00C04F79EFBC}") = "Accord.Math.Core", "Accord.Math.Core\Accord.Math.Core.csproj", "{ED3A336F-6DA2-4F34-87FE-1CCFFA029F8C}"
EndProject
Project("{FAE04EC0-301F-11D3-BF4B-00C04F79EFBC}") = "Accord.DataSets", "Accord.DataSets\Accord.DataSets.csproj", "{F11A77C5-00B3-4921-ACF5-4728F6576EFD}"
EndProject
Project("{FAE04EC0-301F-11D3-BF4B-00C04F79EFBC}") = "Accord.Text", "Accord.Text\Accord.Text.csproj", "{22627578-4022-453B-BA9A-76ED7F6F4E77}"
EndProject
Project("{FAE04EC0-301F-11D3-BF4B-00C04F79EFBC}") = "Accord.Imaging.WPF", "Accord.Imaging.WPF\Accord.Imaging.WPF.csproj", "{6D8411CE-FAA2-4893-AB9B-E4A433E62991}"
EndProject
Project("{FAE04EC0-301F-11D3-BF4B-00C04F79EFBC}") = "Accord.Controls", "Accord.Controls\Accord.Controls.csproj", "{0AB27A20-925C-4556-9FA4-6E2C109E448E}"
EndProject
Global
	GlobalSection(SolutionProperties) = preSolution
		HideSolutionNode = FALSE
	EndGlobalSection
EndGlobal
